
Microsoft Visual Studio Solution File, Format Version 12.00
# Visual Studio Version 17
VisualStudioVersion = 17.10.35201.131
MinimumVisualStudioVersion = 10.0.40219.1
Project("{FAE04EC0-301F-11D3-BF4B-00C04F79EFBC}") = "Blog", "Blog\Blog.csproj", "{6C91F5B6-26B5-4F06-8B92-D31619C27096}"
EndProject
Global
	GlobalSection(SolutionConfigurationPlatforms) = preSolution
		Debug|Any CPU = Debug|Any CPU
		Release|Any CPU = Release|Any CPU
	EndGlobalSection
	GlobalSection(ProjectConfigurationPlatforms) = postSolution
		{6C91F5B6-26B5-4F06-8B92-D31619C27096}.Debug|Any CPU.ActiveCfg = Debug|Any CPU
		{6C91F5B6-26B5-4F06-8B92-D31619C27096}.Debug|Any CPU.Build.0 = Debug|Any CPU
		{6C91F5B6-26B5-4F06-8B92-D31619C27096}.Release|Any CPU.ActiveCfg = Release|Any CPU
		{6C91F5B6-26B5-4F06-8B92-D31619C27096}.Release|Any CPU.Build.0 = Release|Any CPU
	EndGlobalSection
	GlobalSection(SolutionProperties) = preSolution
		HideSolutionNode = FALSE
	EndGlobalSection
	GlobalSection(ExtensibilityGlobals) = postSolution
		SolutionGuid = {C7D8658B-2E8F-4EAA-AA42-047CCD04973E}
	EndGlobalSection
EndGlobal
